{
  "name": "gpconnect-user-portal",
  "version": "1.0.0",
  "lockfileVersion": 1,
  "requires": true,
  "dependencies": {
    "nhsuk-frontend": {
      "version": "5.2.1",
      "resolved": "https://registry.npmjs.org/nhsuk-frontend/-/nhsuk-frontend-5.2.1.tgz",
      "integrity": "sha512-WMOZKbkAr131iItY+SR+U2Hxh8Q1s6iGsQCXaGdkDh0Ww2Tg3GfhrhRdfrMAAR02C2ZyK2L0WA8aI1ohOGSfLA=="
    }
  }
}
