
Microsoft Visual Studio Solution File, Format Version 12.00
# Visual Studio Version 17
VisualStudioVersion = 17.0.31919.166
MinimumVisualStudioVersion = 10.0.40219.1
Project("{9A19103F-16F7-4668-BE54-9A1E7A4F7556}") = "gpconnect-user-portal", "gpconnect-user-portal\gpconnect-user-portal.csproj", "{91346F32-79ED-4F4F-8D3B-CE36F81A5EBA}"
EndProject
Project("{9A19103F-16F7-4668-BE54-9A1E7A4F7556}") = "gpconnect-user-portal.DTO", "gpconnect-user-portal.DTO\gpconnect-user-portal.DTO.csproj", "{D807E0D3-C4D7-457A-8343-186B4B47853D}"
EndProject
Project("{9A19103F-16F7-4668-BE54-9A1E7A4F7556}") = "gpconnect-user-portal.Services", "gpconnect-user-portal.Services\gpconnect-user-portal.Services.csproj", "{387145CB-A3EA-4678-8421-4B1DAB4AC514}"
EndProject
Project("{9A19103F-16F7-4668-BE54-9A1E7A4F7556}") = "gpconnect-user-portal.Helpers", "gpconnect-user-portal.Helpers\gpconnect-user-portal.Helpers.csproj", "{03E05B49-1AC1-47EE-B9F1-07235F4A3081}"
EndProject
Project("{9A19103F-16F7-4668-BE54-9A1E7A4F7556}") = "gpconnect-user-portal.Core", "gpconnect-user-portal.Core\gpconnect-user-portal.Core.csproj", "{F792653A-37EC-4213-B66D-9CA0C976CF00}"
EndProject
Project("{9A19103F-16F7-4668-BE54-9A1E7A4F7556}") = "gpconnect-user-portal.DAL", "gpconnect-user-portal.DAL\gpconnect-user-portal.DAL.csproj", "{61D5071D-4FD2-45BC-9BCB-9B3A8CFA722F}"
EndProject
Project("{9A19103F-16F7-4668-BE54-9A1E7A4F7556}") = "gpconnect-user-portal.Functions", "gpconnect-user-portal.Functions\gpconnect-user-portal.Functions.csproj", "{571AA2CC-8AA3-4FA9-8D55-2374AF23B94E}"
EndProject
Project("{9A19103F-16F7-4668-BE54-9A1E7A4F7556}") = "gpconnect-user-portal.Admin", "gpconnect-user-portal.Admin\gpconnect-user-portal.Admin.csproj", "{EBF51BEE-C3E9-48F0-87E1-5EC9EEA00786}"
EndProject
Project("{9A19103F-16F7-4668-BE54-9A1E7A4F7556}") = "gpconnect-user-portal.Download", "gpconnect-user-portal.Download\gpconnect-user-portal.Download.csproj", "{83C24E5D-FE59-4788-A135-DBBB6B4ED36A}"
EndProject
Global
	GlobalSection(SolutionConfigurationPlatforms) = preSolution
		Debug|Any CPU = Debug|Any CPU
		Release|Any CPU = Release|Any CPU
	EndGlobalSection
	GlobalSection(ProjectConfigurationPlatforms) = postSolution
		{91346F32-79ED-4F4F-8D3B-CE36F81A5EBA}.Debug|Any CPU.ActiveCfg = Debug|Any CPU
		{91346F32-79ED-4F4F-8D3B-CE36F81A5EBA}.Debug|Any CPU.Build.0 = Debug|Any CPU
		{91346F32-79ED-4F4F-8D3B-CE36F81A5EBA}.Release|Any CPU.ActiveCfg = Release|Any CPU
		{91346F32-79ED-4F4F-8D3B-CE36F81A5EBA}.Release|Any CPU.Build.0 = Release|Any CPU
		{D807E0D3-C4D7-457A-8343-186B4B47853D}.Debug|Any CPU.ActiveCfg = Debug|Any CPU
		{D807E0D3-C4D7-457A-8343-186B4B47853D}.Debug|Any CPU.Build.0 = Debug|Any CPU
		{D807E0D3-C4D7-457A-8343-186B4B47853D}.Release|Any CPU.ActiveCfg = Release|Any CPU
		{D807E0D3-C4D7-457A-8343-186B4B47853D}.Release|Any CPU.Build.0 = Release|Any CPU
		{387145CB-A3EA-4678-8421-4B1DAB4AC514}.Debug|Any CPU.ActiveCfg = Debug|Any CPU
		{387145CB-A3EA-4678-8421-4B1DAB4AC514}.Debug|Any CPU.Build.0 = Debug|Any CPU
		{387145CB-A3EA-4678-8421-4B1DAB4AC514}.Release|Any CPU.ActiveCfg = Release|Any CPU
		{387145CB-A3EA-4678-8421-4B1DAB4AC514}.Release|Any CPU.Build.0 = Release|Any CPU
		{03E05B49-1AC1-47EE-B9F1-07235F4A3081}.Debug|Any CPU.ActiveCfg = Debug|Any CPU
		{03E05B49-1AC1-47EE-B9F1-07235F4A3081}.Debug|Any CPU.Build.0 = Debug|Any CPU
		{03E05B49-1AC1-47EE-B9F1-07235F4A3081}.Release|Any CPU.ActiveCfg = Release|Any CPU
		{03E05B49-1AC1-47EE-B9F1-07235F4A3081}.Release|Any CPU.Build.0 = Release|Any CPU
		{F792653A-37EC-4213-B66D-9CA0C976CF00}.Debug|Any CPU.ActiveCfg = Debug|Any CPU
		{F792653A-37EC-4213-B66D-9CA0C976CF00}.Debug|Any CPU.Build.0 = Debug|Any CPU
		{F792653A-37EC-4213-B66D-9CA0C976CF00}.Release|Any CPU.ActiveCfg = Release|Any CPU
		{F792653A-37EC-4213-B66D-9CA0C976CF00}.Release|Any CPU.Build.0 = Release|Any CPU
		{61D5071D-4FD2-45BC-9BCB-9B3A8CFA722F}.Debug|Any CPU.ActiveCfg = Debug|Any CPU
		{61D5071D-4FD2-45BC-9BCB-9B3A8CFA722F}.Debug|Any CPU.Build.0 = Debug|Any CPU
		{61D5071D-4FD2-45BC-9BCB-9B3A8CFA722F}.Release|Any CPU.ActiveCfg = Release|Any CPU
		{61D5071D-4FD2-45BC-9BCB-9B3A8CFA722F}.Release|Any CPU.Build.0 = Release|Any CPU
		{571AA2CC-8AA3-4FA9-8D55-2374AF23B94E}.Debug|Any CPU.ActiveCfg = Debug|Any CPU
		{571AA2CC-8AA3-4FA9-8D55-2374AF23B94E}.Debug|Any CPU.Build.0 = Debug|Any CPU
		{571AA2CC-8AA3-4FA9-8D55-2374AF23B94E}.Release|Any CPU.ActiveCfg = Release|Any CPU
		{571AA2CC-8AA3-4FA9-8D55-2374AF23B94E}.Release|Any CPU.Build.0 = Release|Any CPU
		{EBF51BEE-C3E9-48F0-87E1-5EC9EEA00786}.Debug|Any CPU.ActiveCfg = Debug|Any CPU
		{EBF51BEE-C3E9-48F0-87E1-5EC9EEA00786}.Debug|Any CPU.Build.0 = Debug|Any CPU
		{EBF51BEE-C3E9-48F0-87E1-5EC9EEA00786}.Release|Any CPU.ActiveCfg = Release|Any CPU
		{EBF51BEE-C3E9-48F0-87E1-5EC9EEA00786}.Release|Any CPU.Build.0 = Release|Any CPU
		{83C24E5D-FE59-4788-A135-DBBB6B4ED36A}.Debug|Any CPU.ActiveCfg = Debug|Any CPU
		{83C24E5D-FE59-4788-A135-DBBB6B4ED36A}.Debug|Any CPU.Build.0 = Debug|Any CPU
		{83C24E5D-FE59-4788-A135-DBBB6B4ED36A}.Release|Any CPU.ActiveCfg = Release|Any CPU
		{83C24E5D-FE59-4788-A135-DBBB6B4ED36A}.Release|Any CPU.Build.0 = Release|Any CPU
	EndGlobalSection
	GlobalSection(SolutionProperties) = preSolution
		HideSolutionNode = FALSE
	EndGlobalSection
	GlobalSection(ExtensibilityGlobals) = postSolution
		SolutionGuid = {73199B58-410F-464B-BA31-C3B151744419}
	EndGlobalSection
EndGlobal
